{
  "name": "projeto01",
  "version": "1.0.0",
  "lockfileVersion": 1,
  "requires": true,
  "dependencies": {
    "@fortawesome/fontawesome-free": {
      "version": "5.2.0",
      "resolved": "https://registry.npmjs.org/@fortawesome/fontawesome-free/-/fontawesome-free-5.2.0.tgz",
      "integrity": "sha512-4pgStJx9UmydKc7wwF6Xjw4dFqzUnQejeuP2aUNHWazayWbmMbrx5rieN9+oob4bUwkf1thS3am0Ko+uhFHpNA=="
    },
    "bootstrap": {
      "version": "4.1.2",
      "resolved": "https://registry.npmjs.org/bootstrap/-/bootstrap-4.1.2.tgz",
      "integrity": "sha512-3bP609EdMc/8EwgGp8KgpN8HwnR4V4lZ9CTi5pImMrXNxpkw7dK1B05aMwQWpG1ZWmTLlBSN/uzkuz5GsmQNFA=="
    },
    "jquery": {
      "version": "3.3.1",
      "resolved": "https://registry.npmjs.org/jquery/-/jquery-3.3.1.tgz",
      "integrity": "sha512-Ubldcmxp5np52/ENotGxlLe6aGMvmF4R8S6tZjsP6Knsaxd/xp3Zrh50cG93lR6nPXyUFwzN3ZSOQI0wRJNdGg=="
    },
    "popper.js": {
      "version": "1.14.4",
      "resolved": "https://registry.npmjs.org/popper.js/-/popper.js-1.14.4.tgz",
      "integrity": "sha1-juwdj/AqWjoVLdQ0FKFce3n9abY="
    }
  }
}
